// !$*UTF8*$!
{
	archiveVersion = 1;
	classes = {
	};
	objectVersion = 51;
	objects = {

/* Begin PBXBuildFile section */
		4E763201F4A27FBB9E0FB0AF /* Pods_demo_instagram.framework in Frameworks */ = {isa = PBXBuildFile; fileRef = 700AC9E1150D101903857606 /* Pods_demo_instagram.framework */; };
		D817F56B26CB4A19006FFBE1 /* AppDelegate.swift in Sources */ = {isa = PBXBuildFile; fileRef = D817F56A26CB4A19006FFBE1 /* AppDelegate.swift */; };
		D817F56D26CB4A19006FFBE1 /* SceneDelegate.swift in Sources */ = {isa = PBXBuildFile; fileRef = D817F56C26CB4A19006FFBE1 /* SceneDelegate.swift */; };
		D817F56F26CB4A19006FFBE1 /* ViewController.swift in Sources */ = {isa = PBXBuildFile; fileRef = D817F56E26CB4A19006FFBE1 /* ViewController.swift */; };
		D817F57226CB4A19006FFBE1 /* Main.storyboard in Resources */ = {isa = PBXBuildFile; fileRef = D817F57026CB4A19006FFBE1 /* Main.storyboard */; };
		D817F57426CB4A1B006FFBE1 /* Assets.xcassets in Resources */ = {isa = PBXBuildFile; fileRef = D817F57326CB4A1B006FFBE1 /* Assets.xcassets */; };
		D817F57726CB4A1B006FFBE1 /* LaunchScreen.storyboard in Resources */ = {isa = PBXBuildFile; fileRef = D817F57526CB4A1B006FFBE1 /* LaunchScreen.storyboard */; };
		D824BC2726CCAD080021F8C9 /* CustomPopup.storyboard in Resources */ = {isa = PBXBuildFile; fileRef = D824BC2626CCAD080021F8C9 /* CustomPopup.storyboard */; };
		D824BC2A26CCAF1D0021F8C9 /* LogoutCustomViewController.swift in Sources */ = {isa = PBXBuildFile; fileRef = D824BC2926CCAF1D0021F8C9 /* LogoutCustomViewController.swift */; };
		D824BC2E26CCAFF80021F8C9 /* ProfileViewController.swift in Sources */ = {isa = PBXBuildFile; fileRef = D824BC2D26CCAFF80021F8C9 /* ProfileViewController.swift */; };
		D8990CBE26CB5759006760D3 /* LoginViewController.swift in Sources */ = {isa = PBXBuildFile; fileRef = D8990CBD26CB5759006760D3 /* LoginViewController.swift */; };
		D8990CC226CB5B0F006760D3 /* RegisterViewController.swift in Sources */ = {isa = PBXBuildFile; fileRef = D8990CC126CB5B0F006760D3 /* RegisterViewController.swift */; };
		D8990CCB26CB6794006760D3 /* CardTableViewCell.swift in Sources */ = {isa = PBXBuildFile; fileRef = D8990CC926CB6794006760D3 /* CardTableViewCell.swift */; };
		D8990CCC26CB6794006760D3 /* CardTableViewCell.xib in Resources */ = {isa = PBXBuildFile; fileRef = D8990CCA26CB6794006760D3 /* CardTableViewCell.xib */; };
		D8990CCE26CB77F0006760D3 /* View+Extenstion.swift in Sources */ = {isa = PBXBuildFile; fileRef = D8990CCD26CB77F0006760D3 /* View+Extenstion.swift */; };
		D8990CD126CBA170006760D3 /* BaseURL.swift in Sources */ = {isa = PBXBuildFile; fileRef = D8990CD026CBA170006760D3 /* BaseURL.swift */; };
		D8990CD626CBA604006760D3 /* RequestUserRegister.swift in Sources */ = {isa = PBXBuildFile; fileRef = D8990CD526CBA604006760D3 /* RequestUserRegister.swift */; };
		D8990CD826CBA86D006760D3 /* ResponseUserRegister.swift in Sources */ = {isa = PBXBuildFile; fileRef = D8990CD726CBA86D006760D3 /* ResponseUserRegister.swift */; };
		D8990CDA26CBBE43006760D3 /* RegisterService.swift in Sources */ = {isa = PBXBuildFile; fileRef = D8990CD926CBBE43006760D3 /* RegisterService.swift */; };
		D8990CDC26CBC06A006760D3 /* String+Extension.swift in Sources */ = {isa = PBXBuildFile; fileRef = D8990CDB26CBC06A006760D3 /* String+Extension.swift */; };
		D8990CDE26CBD936006760D3 /* UIViewController+Extension.swift in Sources */ = {isa = PBXBuildFile; fileRef = D8990CDD26CBD936006760D3 /* UIViewController+Extension.swift */; };
		D8990CE026CBDD17006760D3 /* RegisterViewModel.swift in Sources */ = {isa = PBXBuildFile; fileRef = D8990CDF26CBDD17006760D3 /* RegisterViewModel.swift */; };
		D8990CE626CBE2F3006760D3 /* UserRequestLogin.swift in Sources */ = {isa = PBXBuildFile; fileRef = D8990CE526CBE2F3006760D3 /* UserRequestLogin.swift */; };
		D8990CE826CBE56D006760D3 /* UserLoginResponse.swift in Sources */ = {isa = PBXBuildFile; fileRef = D8990CE726CBE56D006760D3 /* UserLoginResponse.swift */; };
		D8990CEA26CBE768006760D3 /* UserLoginService.swift in Sources */ = {isa = PBXBuildFile; fileRef = D8990CE926CBE768006760D3 /* UserLoginService.swift */; };
		D8990CEC26CBE99F006760D3 /* LoginViewModel.swift in Sources */ = {isa = PBXBuildFile; fileRef = D8990CEB26CBE99F006760D3 /* LoginViewModel.swift */; };
/* End PBXBuildFile section */

/* Begin PBXFileReference section */
		27F776143FFDFAC76418B222 /* Pods-demo-instagram.release.xcconfig */ = {isa = PBXFileReference; includeInIndex = 1; lastKnownFileType = text.xcconfig; name = "Pods-demo-instagram.release.xcconfig"; path = "Target Support Files/Pods-demo-instagram/Pods-demo-instagram.release.xcconfig"; sourceTree = "<group>"; };
		6985E1EDCF591E0774CCD3D3 /* Pods-demo-instagram.debug.xcconfig */ = {isa = PBXFileReference; includeInIndex = 1; lastKnownFileType = text.xcconfig; name = "Pods-demo-instagram.debug.xcconfig"; path = "Target Support Files/Pods-demo-instagram/Pods-demo-instagram.debug.xcconfig"; sourceTree = "<group>"; };
		700AC9E1150D101903857606 /* Pods_demo_instagram.framework */ = {isa = PBXFileReference; explicitFileType = wrapper.framework; includeInIndex = 0; path = Pods_demo_instagram.framework; sourceTree = BUILT_PRODUCTS_DIR; };
		D817F56726CB4A19006FFBE1 /* demo-instagram.app */ = {isa = PBXFileReference; explicitFileType = wrapper.application; includeInIndex = 0; path = "demo-instagram.app"; sourceTree = BUILT_PRODUCTS_DIR; };
		D817F56A26CB4A19006FFBE1 /* AppDelegate.swift */ = {isa = PBXFileReference; lastKnownFileType = sourcecode.swift; path = AppDelegate.swift; sourceTree = "<group>"; };
		D817F56C26CB4A19006FFBE1 /* SceneDelegate.swift */ = {isa = PBXFileReference; lastKnownFileType = sourcecode.swift; path = SceneDelegate.swift; sourceTree = "<group>"; };
		D817F56E26CB4A19006FFBE1 /* ViewController.swift */ = {isa = PBXFileReference; lastKnownFileType = sourcecode.swift; path = ViewController.swift; sourceTree = "<group>"; };
		D817F57126CB4A19006FFBE1 /* Base */ = {isa = PBXFileReference; lastKnownFileType = file.storyboard; name = Base; path = Base.lproj/Main.storyboard; sourceTree = "<group>"; };
		D817F57326CB4A1B006FFBE1 /* Assets.xcassets */ = {isa = PBXFileReference; lastKnownFileType = folder.assetcatalog; path = Assets.xcassets; sourceTree = "<group>"; };
		D817F57626CB4A1B006FFBE1 /* Base */ = {isa = PBXFileReference; lastKnownFileType = file.storyboard; name = Base; path = Base.lproj/LaunchScreen.storyboard; sourceTree = "<group>"; };
		D817F57826CB4A1B006FFBE1 /* Info.plist */ = {isa = PBXFileReference; lastKnownFileType = text.plist.xml; path = Info.plist; sourceTree = "<group>"; };
		D824BC2626CCAD080021F8C9 /* CustomPopup.storyboard */ = {isa = PBXFileReference; lastKnownFileType = file.storyboard; path = CustomPopup.storyboard; sourceTree = "<group>"; };
		D824BC2926CCAF1D0021F8C9 /* LogoutCustomViewController.swift */ = {isa = PBXFileReference; lastKnownFileType = sourcecode.swift; path = LogoutCustomViewController.swift; sourceTree = "<group>"; };
		D824BC2D26CCAFF80021F8C9 /* ProfileViewController.swift */ = {isa = PBXFileReference; lastKnownFileType = sourcecode.swift; path = ProfileViewController.swift; sourceTree = "<group>"; };
		D8990CBD26CB5759006760D3 /* LoginViewController.swift */ = {isa = PBXFileReference; lastKnownFileType = sourcecode.swift; path = LoginViewController.swift; sourceTree = "<group>"; };
		D8990CC126CB5B0F006760D3 /* RegisterViewController.swift */ = {isa = PBXFileReference; lastKnownFileType = sourcecode.swift; path = RegisterViewController.swift; sourceTree = "<group>"; };
		D8990CC926CB6794006760D3 /* CardTableViewCell.swift */ = {isa = PBXFileReference; lastKnownFileType = sourcecode.swift; path = CardTableViewCell.swift; sourceTree = "<group>"; };
		D8990CCA26CB6794006760D3 /* CardTableViewCell.xib */ = {isa = PBXFileReference; lastKnownFileType = file.xib; path = CardTableViewCell.xib; sourceTree = "<group>"; };
		D8990CCD26CB77F0006760D3 /* View+Extenstion.swift */ = {isa = PBXFileReference; lastKnownFileType = sourcecode.swift; path = "View+Extenstion.swift"; sourceTree = "<group>"; };
		D8990CD026CBA170006760D3 /* BaseURL.swift */ = {isa = PBXFileReference; lastKnownFileType = sourcecode.swift; path = BaseURL.swift; sourceTree = "<group>"; };
		D8990CD526CBA604006760D3 /* RequestUserRegister.swift */ = {isa = PBXFileReference; lastKnownFileType = sourcecode.swift; path = RequestUserRegister.swift; sourceTree = "<group>"; };
		D8990CD726CBA86D006760D3 /* ResponseUserRegister.swift */ = {isa = PBXFileReference; lastKnownFileType = sourcecode.swift; path = ResponseUserRegister.swift; sourceTree = "<group>"; };
		D8990CD926CBBE43006760D3 /* RegisterService.swift */ = {isa = PBXFileReference; lastKnownFileType = sourcecode.swift; path = RegisterService.swift; sourceTree = "<group>"; };
		D8990CDB26CBC06A006760D3 /* String+Extension.swift */ = {isa = PBXFileReference; lastKnownFileType = sourcecode.swift; path = "String+Extension.swift"; sourceTree = "<group>"; };
		D8990CDD26CBD936006760D3 /* UIViewController+Extension.swift */ = {isa = PBXFileReference; lastKnownFileType = sourcecode.swift; path = "UIViewController+Extension.swift"; sourceTree = "<group>"; };
		D8990CDF26CBDD17006760D3 /* RegisterViewModel.swift */ = {isa = PBXFileReference; lastKnownFileType = sourcecode.swift; path = RegisterViewModel.swift; sourceTree = "<group>"; };
		D8990CE526CBE2F3006760D3 /* UserRequestLogin.swift */ = {isa = PBXFileReference; lastKnownFileType = sourcecode.swift; path = UserRequestLogin.swift; sourceTree = "<group>"; };
		D8990CE726CBE56D006760D3 /* UserLoginResponse.swift */ = {isa = PBXFileReference; lastKnownFileType = sourcecode.swift; path = UserLoginResponse.swift; sourceTree = "<group>"; };
		D8990CE926CBE768006760D3 /* UserLoginService.swift */ = {isa = PBXFileReference; lastKnownFileType = sourcecode.swift; path = UserLoginService.swift; sourceTree = "<group>"; };
		D8990CEB26CBE99F006760D3 /* LoginViewModel.swift */ = {isa = PBXFileReference; lastKnownFileType = sourcecode.swift; path = LoginViewModel.swift; sourceTree = "<group>"; };
/* End PBXFileReference section */

/* Begin PBXFrameworksBuildPhase section */
		D817F56426CB4A19006FFBE1 /* Frameworks */ = {
			isa = PBXFrameworksBuildPhase;
			buildActionMask = 2147483647;
			files = (
				4E763201F4A27FBB9E0FB0AF /* Pods_demo_instagram.framework in Frameworks */,
			);
			runOnlyForDeploymentPostprocessing = 0;
		};
/* End PBXFrameworksBuildPhase section */

/* Begin PBXGroup section */
		1CB2D8673826A5D5976D3F9A /* Pods */ = {
			isa = PBXGroup;
			children = (
				6985E1EDCF591E0774CCD3D3 /* Pods-demo-instagram.debug.xcconfig */,
				27F776143FFDFAC76418B222 /* Pods-demo-instagram.release.xcconfig */,
			);
			path = Pods;
			sourceTree = "<group>";
		};
		3E5E92B573A9B9FF23245C73 /* Frameworks */ = {
			isa = PBXGroup;
			children = (
				700AC9E1150D101903857606 /* Pods_demo_instagram.framework */,
			);
			name = Frameworks;
			sourceTree = "<group>";
		};
		D817F55E26CB4A19006FFBE1 = {
			isa = PBXGroup;
			children = (
				D817F56926CB4A19006FFBE1 /* demo-instagram */,
				D817F56826CB4A19006FFBE1 /* Products */,
				1CB2D8673826A5D5976D3F9A /* Pods */,
				3E5E92B573A9B9FF23245C73 /* Frameworks */,
			);
			sourceTree = "<group>";
		};
		D817F56826CB4A19006FFBE1 /* Products */ = {
			isa = PBXGroup;
			children = (
				D817F56726CB4A19006FFBE1 /* demo-instagram.app */,
			);
			name = Products;
			sourceTree = "<group>";
		};
		D817F56926CB4A19006FFBE1 /* demo-instagram */ = {
			isa = PBXGroup;
			children = (
				D824BC2B26CCAF940021F8C9 /* Profile */,
				D8990CCF26CBA15E006760D3 /* Helper */,
				D817F57F26CB4C24006FFBE1 /* AppDelegate */,
				D8990CC826CB5CDC006760D3 /* Extension */,
				D8990CC326CB5CA4006760D3 /* Home */,
				D8990CBF26CB5A2B006760D3 /* Register */,
				D8990CBB26CB5733006760D3 /* Login */,
				D817F57326CB4A1B006FFBE1 /* Assets.xcassets */,
				D817F57026CB4A19006FFBE1 /* Main.storyboard */,
				D817F57526CB4A1B006FFBE1 /* LaunchScreen.storyboard */,
				D817F57826CB4A1B006FFBE1 /* Info.plist */,
			);
			path = "demo-instagram";
			sourceTree = "<group>";
		};
		D817F57F26CB4C24006FFBE1 /* AppDelegate */ = {
			isa = PBXGroup;
			children = (
				D817F56A26CB4A19006FFBE1 /* AppDelegate.swift */,
				D817F56C26CB4A19006FFBE1 /* SceneDelegate.swift */,
			);
			path = AppDelegate;
			sourceTree = "<group>";
		};
		D824BC2526CCACDA0021F8C9 /* Custom Popup */ = {
			isa = PBXGroup;
			children = (
				D824BC2826CCAECF0021F8C9 /* SwiftFile */,
				D824BC2626CCAD080021F8C9 /* CustomPopup.storyboard */,
			);
			path = "Custom Popup";
			sourceTree = "<group>";
		};
		D824BC2826CCAECF0021F8C9 /* SwiftFile */ = {
			isa = PBXGroup;
			children = (
				D824BC2926CCAF1D0021F8C9 /* LogoutCustomViewController.swift */,
			);
			path = SwiftFile;
			sourceTree = "<group>";
		};
		D824BC2B26CCAF940021F8C9 /* Profile */ = {
			isa = PBXGroup;
			children = (
				D824BC2C26CCAFAA0021F8C9 /* Controller */,
			);
			path = Profile;
			sourceTree = "<group>";
		};
		D824BC2C26CCAFAA0021F8C9 /* Controller */ = {
			isa = PBXGroup;
			children = (
				D824BC2D26CCAFF80021F8C9 /* ProfileViewController.swift */,
			);
			path = Controller;
			sourceTree = "<group>";
		};
		D8990CBB26CB5733006760D3 /* Login */ = {
			isa = PBXGroup;
			children = (
				D8990CE426CBE219006760D3 /* ViewModel */,
				D8990CE326CBE211006760D3 /* Model */,
				D8990CE126CBE1FD006760D3 /* Service */,
				D8990CBC26CB5739006760D3 /* Controller */,
			);
			path = Login;
			sourceTree = "<group>";
		};
		D8990CBC26CB5739006760D3 /* Controller */ = {
			isa = PBXGroup;
			children = (
				D8990CBD26CB5759006760D3 /* LoginViewController.swift */,
			);
			path = Controller;
			sourceTree = "<group>";
		};
		D8990CBF26CB5A2B006760D3 /* Register */ = {
			isa = PBXGroup;
			children = (
				D8990CD426CBA357006760D3 /* ViewModel */,
				D8990CD326CBA2CB006760D3 /* Service */,
				D8990CD226CBA2C4006760D3 /* Model */,
				D8990CC026CB5A31006760D3 /* Controller */,
			);
			path = Register;
			sourceTree = "<group>";
		};
		D8990CC026CB5A31006760D3 /* Controller */ = {
			isa = PBXGroup;
			children = (
				D8990CC126CB5B0F006760D3 /* RegisterViewController.swift */,
			);
			path = Controller;
			sourceTree = "<group>";
		};
		D8990CC326CB5CA4006760D3 /* Home */ = {
			isa = PBXGroup;
			children = (
				D8990CC726CB5CD2006760D3 /* Model */,
				D8990CC626CB5CCA006760D3 /* Service */,
				D8990CC526CB5CC5006760D3 /* Cell */,
				D8990CC426CB5CB8006760D3 /* Controller */,
			);
			path = Home;
			sourceTree = "<group>";
		};
		D8990CC426CB5CB8006760D3 /* Controller */ = {
			isa = PBXGroup;
			children = (
				D817F56E26CB4A19006FFBE1 /* ViewController.swift */,
			);
			path = Controller;
			sourceTree = "<group>";
		};
		D8990CC526CB5CC5006760D3 /* Cell */ = {
			isa = PBXGroup;
			children = (
				D8990CC926CB6794006760D3 /* CardTableViewCell.swift */,
				D8990CCA26CB6794006760D3 /* CardTableViewCell.xib */,
			);
			path = Cell;
			sourceTree = "<group>";
		};
		D8990CC626CB5CCA006760D3 /* Service */ = {
			isa = PBXGroup;
			children = (
			);
			path = Service;
			sourceTree = "<group>";
		};
		D8990CC726CB5CD2006760D3 /* Model */ = {
			isa = PBXGroup;
			children = (
			);
			path = Model;
			sourceTree = "<group>";
		};
		D8990CC826CB5CDC006760D3 /* Extension */ = {
			isa = PBXGroup;
			children = (
				D8990CCD26CB77F0006760D3 /* View+Extenstion.swift */,
				D8990CDB26CBC06A006760D3 /* String+Extension.swift */,
				D8990CDD26CBD936006760D3 /* UIViewController+Extension.swift */,
			);
			path = Extension;
			sourceTree = "<group>";
		};
		D8990CCF26CBA15E006760D3 /* Helper */ = {
			isa = PBXGroup;
			children = (
				D824BC2526CCACDA0021F8C9 /* Custom Popup */,
				D8990CD026CBA170006760D3 /* BaseURL.swift */,
			);
			path = Helper;
			sourceTree = "<group>";
		};
		D8990CD226CBA2C4006760D3 /* Model */ = {
			isa = PBXGroup;
			children = (
				D8990CD526CBA604006760D3 /* RequestUserRegister.swift */,
				D8990CD726CBA86D006760D3 /* ResponseUserRegister.swift */,
			);
			path = Model;
			sourceTree = "<group>";
		};
		D8990CD326CBA2CB006760D3 /* Service */ = {
			isa = PBXGroup;
			children = (
				D8990CD926CBBE43006760D3 /* RegisterService.swift */,
			);
			path = Service;
			sourceTree = "<group>";
		};
		D8990CD426CBA357006760D3 /* ViewModel */ = {
			isa = PBXGroup;
			children = (
				D8990CDF26CBDD17006760D3 /* RegisterViewModel.swift */,
			);
			path = ViewModel;
			sourceTree = "<group>";
		};
		D8990CE126CBE1FD006760D3 /* Service */ = {
			isa = PBXGroup;
			children = (
				D8990CE926CBE768006760D3 /* UserLoginService.swift */,
			);
			path = Service;
			sourceTree = "<group>";
		};
		D8990CE326CBE211006760D3 /* Model */ = {
			isa = PBXGroup;
			children = (
				D8990CE526CBE2F3006760D3 /* UserRequestLogin.swift */,
				D8990CE726CBE56D006760D3 /* UserLoginResponse.swift */,
			);
			path = Model;
			sourceTree = "<group>";
		};
		D8990CE426CBE219006760D3 /* ViewModel */ = {
			isa = PBXGroup;
			children = (
				D8990CEB26CBE99F006760D3 /* LoginViewModel.swift */,
			);
			path = ViewModel;
			sourceTree = "<group>";
		};
/* End PBXGroup section */

/* Begin PBXNativeTarget section */
		D817F56626CB4A19006FFBE1 /* demo-instagram */ = {
			isa = PBXNativeTarget;
			buildConfigurationList = D817F57B26CB4A1B006FFBE1 /* Build configuration list for PBXNativeTarget "demo-instagram" */;
			buildPhases = (
				BD70C100768756143189D9D1 /* [CP] Check Pods Manifest.lock */,
				D817F56326CB4A19006FFBE1 /* Sources */,
				D817F56426CB4A19006FFBE1 /* Frameworks */,
				D817F56526CB4A19006FFBE1 /* Resources */,
				CAC5E7D5254CAD386CB30936 /* [CP] Embed Pods Frameworks */,
			);
			buildRules = (
			);
			dependencies = (
			);
			name = "demo-instagram";
			productName = "demo-instagram";
			productReference = D817F56726CB4A19006FFBE1 /* demo-instagram.app */;
			productType = "com.apple.product-type.application";
		};
/* End PBXNativeTarget section */

/* Begin PBXProject section */
		D817F55F26CB4A19006FFBE1 /* Project object */ = {
			isa = PBXProject;
			attributes = {
				LastSwiftUpdateCheck = 1250;
				LastUpgradeCheck = 1250;
				TargetAttributes = {
					D817F56626CB4A19006FFBE1 = {
						CreatedOnToolsVersion = 12.5.1;
					};
				};
			};
			buildConfigurationList = D817F56226CB4A19006FFBE1 /* Build configuration list for PBXProject "demo-instagram" */;
			compatibilityVersion = "Xcode 9.3";
			developmentRegion = en;
			hasScannedForEncodings = 0;
			knownRegions = (
				en,
				Base,
			);
			mainGroup = D817F55E26CB4A19006FFBE1;
			productRefGroup = D817F56826CB4A19006FFBE1 /* Products */;
			projectDirPath = "";
			projectRoot = "";
			targets = (
				D817F56626CB4A19006FFBE1 /* demo-instagram */,
			);
		};
/* End PBXProject section */

/* Begin PBXResourcesBuildPhase section */
		D817F56526CB4A19006FFBE1 /* Resources */ = {
			isa = PBXResourcesBuildPhase;
			buildActionMask = 2147483647;
			files = (
				D824BC2726CCAD080021F8C9 /* CustomPopup.storyboard in Resources */,
				D817F57726CB4A1B006FFBE1 /* LaunchScreen.storyboard in Resources */,
				D817F57426CB4A1B006FFBE1 /* Assets.xcassets in Resources */,
				D817F57226CB4A19006FFBE1 /* Main.storyboard in Resources */,
				D8990CCC26CB6794006760D3 /* CardTableViewCell.xib in Resources */,
			);
			runOnlyForDeploymentPostprocessing = 0;
		};
/* End PBXResourcesBuildPhase section */

/* Begin PBXShellScriptBuildPhase section */
		BD70C100768756143189D9D1 /* [CP] Check Pods Manifest.lock */ = {
			isa = PBXShellScriptBuildPhase;
			buildActionMask = 2147483647;
			files = (
			);
			inputFileListPaths = (
			);
			inputPaths = (
				"${PODS_PODFILE_DIR_PATH}/Podfile.lock",
				"${PODS_ROOT}/Manifest.lock",
			);
			name = "[CP] Check Pods Manifest.lock";
			outputFileListPaths = (
			);
			outputPaths = (
				"$(DERIVED_FILE_DIR)/Pods-demo-instagram-checkManifestLockResult.txt",
			);
			runOnlyForDeploymentPostprocessing = 0;
			shellPath = /bin/sh;
			shellScript = "diff \"${PODS_PODFILE_DIR_PATH}/Podfile.lock\" \"${PODS_ROOT}/Manifest.lock\" > /dev/null\nif [ $? != 0 ] ; then\n    # print error to STDERR\n    echo \"error: The sandbox is not in sync with the Podfile.lock. Run 'pod install' or update your CocoaPods installation.\" >&2\n    exit 1\nfi\n# This output is used by Xcode 'outputs' to avoid re-running this script phase.\necho \"SUCCESS\" > \"${SCRIPT_OUTPUT_FILE_0}\"\n";
			showEnvVarsInLog = 0;
		};
		CAC5E7D5254CAD386CB30936 /* [CP] Embed Pods Frameworks */ = {
			isa = PBXShellScriptBuildPhase;
			buildActionMask = 2147483647;
			files = (
			);
			inputFileListPaths = (
				"${PODS_ROOT}/Target Support Files/Pods-demo-instagram/Pods-demo-instagram-frameworks-${CONFIGURATION}-input-files.xcfilelist",
			);
			name = "[CP] Embed Pods Frameworks";
			outputFileListPaths = (
				"${PODS_ROOT}/Target Support Files/Pods-demo-instagram/Pods-demo-instagram-frameworks-${CONFIGURATION}-output-files.xcfilelist",
			);
			runOnlyForDeploymentPostprocessing = 0;
			shellPath = /bin/sh;
			shellScript = "\"${PODS_ROOT}/Target Support Files/Pods-demo-instagram/Pods-demo-instagram-frameworks.sh\"\n";
			showEnvVarsInLog = 0;
		};
/* End PBXShellScriptBuildPhase section */

/* Begin PBXSourcesBuildPhase section */
		D817F56326CB4A19006FFBE1 /* Sources */ = {
			isa = PBXSourcesBuildPhase;
			buildActionMask = 2147483647;
			files = (
				D8990CBE26CB5759006760D3 /* LoginViewController.swift in Sources */,
				D8990CEA26CBE768006760D3 /* UserLoginService.swift in Sources */,
				D824BC2E26CCAFF80021F8C9 /* ProfileViewController.swift in Sources */,
				D8990CDE26CBD936006760D3 /* UIViewController+Extension.swift in Sources */,
				D8990CCE26CB77F0006760D3 /* View+Extenstion.swift in Sources */,
				D8990CCB26CB6794006760D3 /* CardTableViewCell.swift in Sources */,
				D8990CE626CBE2F3006760D3 /* UserRequestLogin.swift in Sources */,
				D8990CC226CB5B0F006760D3 /* RegisterViewController.swift in Sources */,
				D8990CDC26CBC06A006760D3 /* String+Extension.swift in Sources */,
				D8990CEC26CBE99F006760D3 /* LoginViewModel.swift in Sources */,
				D817F56F26CB4A19006FFBE1 /* ViewController.swift in Sources */,
				D817F56B26CB4A19006FFBE1 /* AppDelegate.swift in Sources */,
				D8990CE826CBE56D006760D3 /* UserLoginResponse.swift in Sources */,
				D8990CD126CBA170006760D3 /* BaseURL.swift in Sources */,
				D8990CE026CBDD17006760D3 /* RegisterViewModel.swift in Sources */,
				D8990CDA26CBBE43006760D3 /* RegisterService.swift in Sources */,
				D817F56D26CB4A19006FFBE1 /* SceneDelegate.swift in Sources */,
				D8990CD826CBA86D006760D3 /* ResponseUserRegister.swift in Sources */,
				D824BC2A26CCAF1D0021F8C9 /* LogoutCustomViewController.swift in Sources */,
				D8990CD626CBA604006760D3 /* RequestUserRegister.swift in Sources */,
			);
			runOnlyForDeploymentPostprocessing = 0;
		};
/* End PBXSourcesBuildPhase section */

/* Begin PBXVariantGroup section */
		D817F57026CB4A19006FFBE1 /* Main.storyboard */ = {
			isa = PBXVariantGroup;
			children = (
				D817F57126CB4A19006FFBE1 /* Base */,
			);
			name = Main.storyboard;
			sourceTree = "<group>";
		};
		D817F57526CB4A1B006FFBE1 /* LaunchScreen.storyboard */ = {
			isa = PBXVariantGroup;
			children = (
				D817F57626CB4A1B006FFBE1 /* Base */,
			);
			name = LaunchScreen.storyboard;
			sourceTree = "<group>";
		};
/* End PBXVariantGroup section */

/* Begin XCBuildConfiguration section */
		D817F57926CB4A1B006FFBE1 /* Debug */ = {
			isa = XCBuildConfiguration;
			buildSettings = {
				ALWAYS_SEARCH_USER_PATHS = NO;
				CLANG_ANALYZER_NONNULL = YES;
				CLANG_ANALYZER_NUMBER_OBJECT_CONVERSION = YES_AGGRESSIVE;
				CLANG_CXX_LANGUAGE_STANDARD = "gnu++14";
				CLANG_CXX_LIBRARY = "libc++";
				CLANG_ENABLE_MODULES = YES;
				CLANG_ENABLE_OBJC_ARC = YES;
				CLANG_ENABLE_OBJC_WEAK = YES;
				CLANG_WARN_BLOCK_CAPTURE_AUTORELEASING = YES;
				CLANG_WARN_BOOL_CONVERSION = YES;
				CLANG_WARN_COMMA = YES;
				CLANG_WARN_CONSTANT_CONVERSION = YES;
				CLANG_WARN_DEPRECATED_OBJC_IMPLEMENTATIONS = YES;
				CLANG_WARN_DIRECT_OBJC_ISA_USAGE = YES_ERROR;
				CLANG_WARN_DOCUMENTATION_COMMENTS = YES;
				CLANG_WARN_EMPTY_BODY = YES;
				CLANG_WARN_ENUM_CONVERSION = YES;
				CLANG_WARN_INFINITE_RECURSION = YES;
				CLANG_WARN_INT_CONVERSION = YES;
				CLANG_WARN_NON_LITERAL_NULL_CONVERSION = YES;
				CLANG_WARN_OBJC_IMPLICIT_RETAIN_SELF = YES;
				CLANG_WARN_OBJC_LITERAL_CONVERSION = YES;
				CLANG_WARN_OBJC_ROOT_CLASS = YES_ERROR;
				CLANG_WARN_QUOTED_INCLUDE_IN_FRAMEWORK_HEADER = YES;
				CLANG_WARN_RANGE_LOOP_ANALYSIS = YES;
				CLANG_WARN_STRICT_PROTOTYPES = YES;
				CLANG_WARN_SUSPICIOUS_MOVE = YES;
				CLANG_WARN_UNGUARDED_AVAILABILITY = YES_AGGRESSIVE;
				CLANG_WARN_UNREACHABLE_CODE = YES;
				CLANG_WARN__DUPLICATE_METHOD_MATCH = YES;
				COPY_PHASE_STRIP = NO;
				DEBUG_INFORMATION_FORMAT = dwarf;
				ENABLE_STRICT_OBJC_MSGSEND = YES;
				ENABLE_TESTABILITY = YES;
				GCC_C_LANGUAGE_STANDARD = gnu11;
				GCC_DYNAMIC_NO_PIC = NO;
				GCC_NO_COMMON_BLOCKS = YES;
				GCC_OPTIMIZATION_LEVEL = 0;
				GCC_PREPROCESSOR_DEFINITIONS = (
					"DEBUG=1",
					"$(inherited)",
				);
				GCC_WARN_64_TO_32_BIT_CONVERSION = YES;
				GCC_WARN_ABOUT_RETURN_TYPE = YES_ERROR;
				GCC_WARN_UNDECLARED_SELECTOR = YES;
				GCC_WARN_UNINITIALIZED_AUTOS = YES_AGGRESSIVE;
				GCC_WARN_UNUSED_FUNCTION = YES;
				GCC_WARN_UNUSED_VARIABLE = YES;
				IPHONEOS_DEPLOYMENT_TARGET = 14.5;
				MTL_ENABLE_DEBUG_INFO = INCLUDE_SOURCE;
				MTL_FAST_MATH = YES;
				ONLY_ACTIVE_ARCH = YES;
				SDKROOT = iphoneos;
				SWIFT_ACTIVE_COMPILATION_CONDITIONS = DEBUG;
				SWIFT_OPTIMIZATION_LEVEL = "-Onone";
			};
			name = Debug;
		};
		D817F57A26CB4A1B006FFBE1 /* Release */ = {
			isa = XCBuildConfiguration;
			buildSettings = {
				ALWAYS_SEARCH_USER_PATHS = NO;
				CLANG_ANALYZER_NONNULL = YES;
				CLANG_ANALYZER_NUMBER_OBJECT_CONVERSION = YES_AGGRESSIVE;
				CLANG_CXX_LANGUAGE_STANDARD = "gnu++14";
				CLANG_CXX_LIBRARY = "libc++";
				CLANG_ENABLE_MODULES = YES;
				CLANG_ENABLE_OBJC_ARC = YES;
				CLANG_ENABLE_OBJC_WEAK = YES;
				CLANG_WARN_BLOCK_CAPTURE_AUTORELEASING = YES;
				CLANG_WARN_BOOL_CONVERSION = YES;
				CLANG_WARN_COMMA = YES;
				CLANG_WARN_CONSTANT_CONVERSION = YES;
				CLANG_WARN_DEPRECATED_OBJC_IMPLEMENTATIONS = YES;
				CLANG_WARN_DIRECT_OBJC_ISA_USAGE = YES_ERROR;
				CLANG_WARN_DOCUMENTATION_COMMENTS = YES;
				CLANG_WARN_EMPTY_BODY = YES;
				CLANG_WARN_ENUM_CONVERSION = YES;
				CLANG_WARN_INFINITE_RECURSION = YES;
				CLANG_WARN_INT_CONVERSION = YES;
				CLANG_WARN_NON_LITERAL_NULL_CONVERSION = YES;
				CLANG_WARN_OBJC_IMPLICIT_RETAIN_SELF = YES;
				CLANG_WARN_OBJC_LITERAL_CONVERSION = YES;
				CLANG_WARN_OBJC_ROOT_CLASS = YES_ERROR;
				CLANG_WARN_QUOTED_INCLUDE_IN_FRAMEWORK_HEADER = YES;
				CLANG_WARN_RANGE_LOOP_ANALYSIS = YES;
				CLANG_WARN_STRICT_PROTOTYPES = YES;
				CLANG_WARN_SUSPICIOUS_MOVE = YES;
				CLANG_WARN_UNGUARDED_AVAILABILITY = YES_AGGRESSIVE;
				CLANG_WARN_UNREACHABLE_CODE = YES;
				CLANG_WARN__DUPLICATE_METHOD_MATCH = YES;
				COPY_PHASE_STRIP = NO;
				DEBUG_INFORMATION_FORMAT = "dwarf-with-dsym";
				ENABLE_NS_ASSERTIONS = NO;
				ENABLE_STRICT_OBJC_MSGSEND = YES;
				GCC_C_LANGUAGE_STANDARD = gnu11;
				GCC_NO_COMMON_BLOCKS = YES;
				GCC_WARN_64_TO_32_BIT_CONVERSION = YES;
				GCC_WARN_ABOUT_RETURN_TYPE = YES_ERROR;
				GCC_WARN_UNDECLARED_SELECTOR = YES;
				GCC_WARN_UNINITIALIZED_AUTOS = YES_AGGRESSIVE;
				GCC_WARN_UNUSED_FUNCTION = YES;
				GCC_WARN_UNUSED_VARIABLE = YES;
				IPHONEOS_DEPLOYMENT_TARGET = 14.5;
				MTL_ENABLE_DEBUG_INFO = NO;
				MTL_FAST_MATH = YES;
				SDKROOT = iphoneos;
				SWIFT_COMPILATION_MODE = wholemodule;
				SWIFT_OPTIMIZATION_LEVEL = "-O";
				VALIDATE_PRODUCT = YES;
			};
			name = Release;
		};
		D817F57C26CB4A1B006FFBE1 /* Debug */ = {
			isa = XCBuildConfiguration;
			baseConfigurationReference = 6985E1EDCF591E0774CCD3D3 /* Pods-demo-instagram.debug.xcconfig */;
			buildSettings = {
				ASSETCATALOG_COMPILER_APPICON_NAME = AppIcon;
				ASSETCATALOG_COMPILER_GLOBAL_ACCENT_COLOR_NAME = AccentColor;
				CODE_SIGN_STYLE = Automatic;
				DEVELOPMENT_TEAM = UVTA4V7W4B;
				INFOPLIST_FILE = "demo-instagram/Info.plist";
				LD_RUNPATH_SEARCH_PATHS = (
					"$(inherited)",
					"@executable_path/Frameworks",
				);
				PRODUCT_BUNDLE_IDENTIFIER = "com.hrd.demo-instagram";
				PRODUCT_NAME = "$(TARGET_NAME)";
				SWIFT_VERSION = 5.0;
				TARGETED_DEVICE_FAMILY = "1,2";
			};
			name = Debug;
		};
		D817F57D26CB4A1B006FFBE1 /* Release */ = {
			isa = XCBuildConfiguration;
			baseConfigurationReference = 27F776143FFDFAC76418B222 /* Pods-demo-instagram.release.xcconfig */;
			buildSettings = {
				ASSETCATALOG_COMPILER_APPICON_NAME = AppIcon;
				ASSETCATALOG_COMPILER_GLOBAL_ACCENT_COLOR_NAME = AccentColor;
				CODE_SIGN_STYLE = Automatic;
				DEVELOPMENT_TEAM = UVTA4V7W4B;
				INFOPLIST_FILE = "demo-instagram/Info.plist";
				LD_RUNPATH_SEARCH_PATHS = (
					"$(inherited)",
					"@executable_path/Frameworks",
				);
				PRODUCT_BUNDLE_IDENTIFIER = "com.hrd.demo-instagram";
				PRODUCT_NAME = "$(TARGET_NAME)";
				SWIFT_VERSION = 5.0;
				TARGETED_DEVICE_FAMILY = "1,2";
			};
			name = Release;
		};
/* End XCBuildConfiguration section */

/* Begin XCConfigurationList section */
		D817F56226CB4A19006FFBE1 /* Build configuration list for PBXProject "demo-instagram" */ = {
			isa = XCConfigurationList;
			buildConfigurations = (
				D817F57926CB4A1B006FFBE1 /* Debug */,
				D817F57A26CB4A1B006FFBE1 /* Release */,
			);
			defaultConfigurationIsVisible = 0;
			defaultConfigurationName = Release;
		};
		D817F57B26CB4A1B006FFBE1 /* Build configuration list for PBXNativeTarget "demo-instagram" */ = {
			isa = XCConfigurationList;
			buildConfigurations = (
				D817F57C26CB4A1B006FFBE1 /* Debug */,
				D817F57D26CB4A1B006FFBE1 /* Release */,
			);
			defaultConfigurationIsVisible = 0;
			defaultConfigurationName = Release;
		};
/* End XCConfigurationList section */
	};
	rootObject = D817F55F26CB4A19006FFBE1 /* Project object */;
}
